<?xml version="1.0" encoding="utf-8"?>
<Project ToolsVersion="4.0" xmlns="http://schemas.microsoft.com/developer/msbuild/2003">
  <ItemGroup>
    <Filter Include="Code">
      <UniqueIdentifier>{93995380-89BD-4b04-88EB-625FBE52EBFB}</UniqueIdentifier>
      <Extensions>h;hh;hpp;hxx;hm;inl;inc;xsd</Extensions>
    </Filter>
    <Filter Include="Code\SI FILES">
      <UniqueIdentifier>{732dca33-7cd5-43ed-95be-bddc8f09266b}</UniqueIdentifier>
    </Filter>
    <Filter Include="Code\Game and Engine">
      <UniqueIdentifier>{3e8906ba-9d14-4a26-84e2-779959d62a0d}</UniqueIdentifier>
    </Filter>
    <Filter Include="Code\Guns and bullets">
      <UniqueIdentifier>{a31ea419-0189-4539-8c58-609e08c9d5a1}</UniqueIdentifier>
    </Filter>
    <Filter Include="Code\Player">
      <UniqueIdentifier>{12b992da-d5da-46eb-beeb-a75f355d2e53}</UniqueIdentifier>
    </Filter>
    <Filter Include="Code\SaveSystem">
      <UniqueIdentifier>{f1994842-47ec-4126-8a3b-7e454f2a2edb}</UniqueIdentifier>
    </Filter>
    <Filter Include="Code\Interactions and features">
      <UniqueIdentifier>{c99a0122-4df8-494b-b1be-a9b9ba1dd25c}</UniqueIdentifier>
    </Filter>
  </ItemGroup>
  <ItemGroup>
    <ClCompile Include="BlueMoob.cpp">
      <Filter>Code\SI FILES</Filter>
    </ClCompile>
    <ClCompile Include="Bullet.cpp">
      <Filter>Code\Guns and bullets</Filter>
    </ClCompile>
    <ClCompile Include="Game.cpp">
      <Filter>Code\Game and Engine</Filter>
    </ClCompile>
    <ClCompile Include="Engine.cpp">
      <Filter>Code\Game and Engine</Filter>
    </ClCompile>
    <ClCompile Include="InfoTab.cpp">
      <Filter>Code\Interactions and features</Filter>
    </ClCompile>
    <ClCompile Include="Player.cpp">
      <Filter>Code\Player</Filter>
    </ClCompile>
    <ClCompile Include="Si.cpp">
      <Filter>Code\SI FILES</Filter>
    </ClCompile>
    <ClCompile Include="Main.cpp" />
    <ClCompile Include="JSONmenager.cpp">
      <Filter>Code\SaveSystem</Filter>
    </ClCompile>
  </ItemGroup>
  <ItemGroup>
    <ClInclude Include="BlueMoob.h">
      <Filter>Code\SI FILES</Filter>
    </ClInclude>
    <ClInclude Include="Si.h">
      <Filter>Code\SI FILES</Filter>
    </ClInclude>
    <ClInclude Include="Engine.h">
      <Filter>Code\Game and Engine</Filter>
    </ClInclude>
    <ClInclude Include="Game.h">
      <Filter>Code\Game and Engine</Filter>
    </ClInclude>
    <ClInclude Include="Bullet.h">
      <Filter>Code\Guns and bullets</Filter>
    </ClInclude>
    <ClInclude Include="Player.h">
      <Filter>Code\Player</Filter>
    </ClInclude>
    <ClInclude Include="InfoTab.h">
      <Filter>Code\Interactions and features</Filter>
    </ClInclude>
    <ClInclude Include="Lvl.h">
      <Filter>Code\Interactions and features</Filter>
    </ClInclude>
    <ClInclude Include="JSONmenager.h">
      <Filter>Code\SaveSystem</Filter>
    </ClInclude>
    <ClInclude Include="TextureMenager.h">
      <Filter>Code\SaveSystem</Filter>
    </ClInclude>
    <ClInclude Include="Kinetic.h">
      <Filter>Code\Guns and bullets</Filter>
    </ClInclude>
    <ClInclude Include="Laser.h">
      <Filter>Code\Guns and bullets</Filter>
    </ClInclude>
  </ItemGroup>
</Project>