<?xml version="1.0" encoding="utf-8"?>
<Project ToolsVersion="4.0" xmlns="http://schemas.microsoft.com/developer/msbuild/2003">
  <ItemGroup>
    <Filter Include="Code">
      <UniqueIdentifier>{93995380-89BD-4b04-88EB-625FBE52EBFB}</UniqueIdentifier>
      <Extensions>h;hh;hpp;hxx;hm;inl;inc;xsd</Extensions>
    </Filter>
    <Filter Include="Code\SI FILES">
      <UniqueIdentifier>{732dca33-7cd5-43ed-95be-bddc8f09266b}</UniqueIdentifier>
    </Filter>
    <Filter Include="Code\Guns and bullets">
      <UniqueIdentifier>{a31ea419-0189-4539-8c58-609e08c9d5a1}</UniqueIdentifier>
    </Filter>
    <Filter Include="Code\Player">
      <UniqueIdentifier>{12b992da-d5da-46eb-beeb-a75f355d2e53}</UniqueIdentifier>
    </Filter>
    <Filter Include="Code\SaveSystem">
      <UniqueIdentifier>{f1994842-47ec-4126-8a3b-7e454f2a2edb}</UniqueIdentifier>
    </Filter>
    <Filter Include="Code\Interactions and features">
      <UniqueIdentifier>{c99a0122-4df8-494b-b1be-a9b9ba1dd25c}</UniqueIdentifier>
    </Filter>
    <Filter Include="Code\Engine">
      <UniqueIdentifier>{8addf97d-50f7-4a53-8b9e-d23b3c094eb9}</UniqueIdentifier>
    </Filter>
  </ItemGroup>
  <ItemGroup>
    <ClCompile Include="Main.cpp">
      <Filter>Code</Filter>
    </ClCompile>
    <ClCompile Include="Engine.cpp">
      <Filter>Code\Engine</Filter>
    </ClCompile>
    <ClCompile Include="ConsoleMenager.cpp" />
  </ItemGroup>
  <ItemGroup>
    <ClInclude Include="Engine.h">
      <Filter>Code\Engine</Filter>
    </ClInclude>
    <ClInclude Include="TextureMenager.hpp">
      <Filter>Code</Filter>
    </ClInclude>
    <ClInclude Include="ConsoleMenager.h">
      <Filter>Code</Filter>
    </ClInclude>
  </ItemGroup>
  <ItemGroup>
    <None Include="..\README.md">
      <Filter>Code</Filter>
    </None>
  </ItemGroup>
</Project>